
Microsoft Visual Studio Solution File, Format Version 12.00
# Visual Studio Version 17
VisualStudioVersion = 17.13.35818.85 d17.13
MinimumVisualStudioVersion = 10.0.40219.1
Project("{FAE04EC0-301F-11D3-BF4B-00C04F79EFBC}") = "Puntual29", "Puntual29\Puntual29.csproj", "{7DA4A601-9720-43D5-A22A-8AE68491F378}"
EndProject
Global
	GlobalSection(SolutionConfigurationPlatforms) = preSolution
		Debug|Any CPU = Debug|Any CPU
		Release|Any CPU = Release|Any CPU
	EndGlobalSection
	GlobalSection(ProjectConfigurationPlatforms) = postSolution
		{7DA4A601-9720-43D5-A22A-8AE68491F378}.Debug|Any CPU.ActiveCfg = Debug|Any CPU
		{7DA4A601-9720-43D5-A22A-8AE68491F378}.Debug|Any CPU.Build.0 = Debug|Any CPU
		{7DA4A601-9720-43D5-A22A-8AE68491F378}.Release|Any CPU.ActiveCfg = Release|Any CPU
		{7DA4A601-9720-43D5-A22A-8AE68491F378}.Release|Any CPU.Build.0 = Release|Any CPU
	EndGlobalSection
	GlobalSection(SolutionProperties) = preSolution
		HideSolutionNode = FALSE
	EndGlobalSection
	GlobalSection(ExtensibilityGlobals) = postSolution
		SolutionGuid = {ACC81DD0-4517-4704-8183-0CF8E4EA8D25}
	EndGlobalSection
EndGlobal
